
Microsoft Visual Studio Solution File, Format Version 12.00
# Visual Studio 15
VisualStudioVersion = 15.0.28307.1062
MinimumVisualStudioVersion = 10.0.40219.1
Project("{888888A0-9F3D-457C-B088-3A5042F75D52}") = "plot-sort", "plot-sort\plot-sort.pyproj", "{C6824188-D91E-4168-A1B5-36AC6741C1B2}"
EndProject
Global
	GlobalSection(SolutionConfigurationPlatforms) = preSolution
		Debug|Any CPU = Debug|Any CPU
		Release|Any CPU = Release|Any CPU
	EndGlobalSection
	GlobalSection(ProjectConfigurationPlatforms) = postSolution
		{C6824188-D91E-4168-A1B5-36AC6741C1B2}.Debug|Any CPU.ActiveCfg = Debug|Any CPU
		{C6824188-D91E-4168-A1B5-36AC6741C1B2}.Release|Any CPU.ActiveCfg = Release|Any CPU
	EndGlobalSection
	GlobalSection(SolutionProperties) = preSolution
		HideSolutionNode = FALSE
	EndGlobalSection
	GlobalSection(ExtensibilityGlobals) = postSolution
		SolutionGuid = {040D5F15-D313-4F22-AB56-4E46BA3EB6D1}
	EndGlobalSection
EndGlobal
